
Microsoft Visual Studio Solution File, Format Version 12.00
# Visual Studio 15
Project("{FAE04EC0-301F-11D3-BF4B-00C04F79EFBC}") = "DndBuilder", "DndBuilder\DndBuilder.csproj", "{73D03AFB-5D9B-4503-BC0E-CA6A73AE0160}"
EndProject
Global
	GlobalSection(SolutionConfigurationPlatforms) = preSolution
		Debug|Any CPU = Debug|Any CPU
		Release|Any CPU = Release|Any CPU
	EndGlobalSection
	GlobalSection(ProjectConfigurationPlatforms) = postSolution
		{73D03AFB-5D9B-4503-BC0E-CA6A73AE0160}.Debug|Any CPU.ActiveCfg = Debug|Any CPU
		{73D03AFB-5D9B-4503-BC0E-CA6A73AE0160}.Debug|Any CPU.Build.0 = Debug|Any CPU
		{73D03AFB-5D9B-4503-BC0E-CA6A73AE0160}.Release|Any CPU.ActiveCfg = Release|Any CPU
		{73D03AFB-5D9B-4503-BC0E-CA6A73AE0160}.Release|Any CPU.Build.0 = Release|Any CPU
	EndGlobalSection
EndGlobal
